{
  "name": "lottusjs-wwjs-kickstart",
  "version": "1.0.0",
  "lockfileVersion": 3,
  "requires": true,
  "packages": {
    "": {
      "name": "lottusjs-wwjs-kickstart",
      "version": "1.0.0",
      "license": "ISC",
      "dependencies": {
        "lottus.js": "github:benchambule/lottus.js#main"
      }
    },
    "node_modules/lottus.js": {
      "version": "1.0.1",
      "resolved": "git+ssh://git@github.com/benchambule/lottus.js.git#0fa8120b4349be46688bdb6ae0a597c20e26d8f2",
      "license": "Apache-2.0"
    }
  }
}
